
Microsoft Visual Studio Solution File, Format Version 12.00
# Visual Studio Version 16
VisualStudioVersion = 16.6.30114.105
MinimumVisualStudioVersion = 10.0.40219.1
Project("{FAE04EC0-301F-11D3-BF4B-00C04F79EFBC}") = "lab6", "ConsoleApp\lab6.csproj", "{8585AEDB-8438-4339-9AEA-1EE3E9A07F65}"
EndProject
Project("{FAE04EC0-301F-11D3-BF4B-00C04F79EFBC}") = "DataLib", "DataLib\DataLib.csproj", "{F5E160AF-C4BB-4E1F-B8E4-9B9F7906E36E}"
EndProject
Global
	GlobalSection(SolutionConfigurationPlatforms) = preSolution
		Debug|Any CPU = Debug|Any CPU
		Debug|x64 = Debug|x64
		Debug|x86 = Debug|x86
		Release|Any CPU = Release|Any CPU
		Release|x64 = Release|x64
		Release|x86 = Release|x86
	EndGlobalSection
	GlobalSection(SolutionProperties) = preSolution
		HideSolutionNode = FALSE
	EndGlobalSection
	GlobalSection(ProjectConfigurationPlatforms) = postSolution
		{8585AEDB-8438-4339-9AEA-1EE3E9A07F65}.Debug|Any CPU.ActiveCfg = Debug|Any CPU
		{8585AEDB-8438-4339-9AEA-1EE3E9A07F65}.Debug|Any CPU.Build.0 = Debug|Any CPU
		{8585AEDB-8438-4339-9AEA-1EE3E9A07F65}.Debug|x64.ActiveCfg = Debug|Any CPU
		{8585AEDB-8438-4339-9AEA-1EE3E9A07F65}.Debug|x64.Build.0 = Debug|Any CPU
		{8585AEDB-8438-4339-9AEA-1EE3E9A07F65}.Debug|x86.ActiveCfg = Debug|Any CPU
		{8585AEDB-8438-4339-9AEA-1EE3E9A07F65}.Debug|x86.Build.0 = Debug|Any CPU
		{8585AEDB-8438-4339-9AEA-1EE3E9A07F65}.Release|Any CPU.ActiveCfg = Release|Any CPU
		{8585AEDB-8438-4339-9AEA-1EE3E9A07F65}.Release|Any CPU.Build.0 = Release|Any CPU
		{8585AEDB-8438-4339-9AEA-1EE3E9A07F65}.Release|x64.ActiveCfg = Release|Any CPU
		{8585AEDB-8438-4339-9AEA-1EE3E9A07F65}.Release|x64.Build.0 = Release|Any CPU
		{8585AEDB-8438-4339-9AEA-1EE3E9A07F65}.Release|x86.ActiveCfg = Release|Any CPU
		{8585AEDB-8438-4339-9AEA-1EE3E9A07F65}.Release|x86.Build.0 = Release|Any CPU
		{F5E160AF-C4BB-4E1F-B8E4-9B9F7906E36E}.Debug|Any CPU.ActiveCfg = Debug|Any CPU
		{F5E160AF-C4BB-4E1F-B8E4-9B9F7906E36E}.Debug|Any CPU.Build.0 = Debug|Any CPU
		{F5E160AF-C4BB-4E1F-B8E4-9B9F7906E36E}.Debug|x64.ActiveCfg = Debug|Any CPU
		{F5E160AF-C4BB-4E1F-B8E4-9B9F7906E36E}.Debug|x64.Build.0 = Debug|Any CPU
		{F5E160AF-C4BB-4E1F-B8E4-9B9F7906E36E}.Debug|x86.ActiveCfg = Debug|Any CPU
		{F5E160AF-C4BB-4E1F-B8E4-9B9F7906E36E}.Debug|x86.Build.0 = Debug|Any CPU
		{F5E160AF-C4BB-4E1F-B8E4-9B9F7906E36E}.Release|Any CPU.ActiveCfg = Release|Any CPU
		{F5E160AF-C4BB-4E1F-B8E4-9B9F7906E36E}.Release|Any CPU.Build.0 = Release|Any CPU
		{F5E160AF-C4BB-4E1F-B8E4-9B9F7906E36E}.Release|x64.ActiveCfg = Release|Any CPU
		{F5E160AF-C4BB-4E1F-B8E4-9B9F7906E36E}.Release|x64.Build.0 = Release|Any CPU
		{F5E160AF-C4BB-4E1F-B8E4-9B9F7906E36E}.Release|x86.ActiveCfg = Release|Any CPU
		{F5E160AF-C4BB-4E1F-B8E4-9B9F7906E36E}.Release|x86.Build.0 = Release|Any CPU
	EndGlobalSection
EndGlobal
